# This file is automatically @generated by Poetry 1.8.2 and should not be changed by hand.

[[package]]
name = "mangum"
version = "0.17.0"
description = "AWS Lambda support for ASGI applications"
optional = false
python-versions = ">=3.7"
files = [
    {file = "mangum-0.17.0-py3-none-any.whl", hash = "sha256:f00be705605bc4793958df62e4d249abf58d254c39d90bb410d069570206f4a2"},
    {file = "mangum-0.17.0.tar.gz", hash = "sha256:5b4e26375e12eed051687670466d17968f8b74beecaca432edd4eb4127f78509"},
]

[package.dependencies]
typing-extensions = "*"

[[package]]
name = "typing-extensions"
version = "4.11.0"
description = "Backported and Experimental Type Hints for Python 3.8+"
optional = false
python-versions = ">=3.8"
files = [
    {file = "typing_extensions-4.11.0-py3-none-any.whl", hash = "sha256:c1f94d72897edaf4ce775bb7558d5b79d8126906a14ea5ed1635921406c0387a"},
    {file = "typing_extensions-4.11.0.tar.gz", hash = "sha256:83f085bd5ca59c80295fc2a82ab5dac679cbe02b9f33f7d83af68e241bea51b0"},
]

[metadata]
lock-version = "2.0"
python-versions = "^3.12"
content-hash = "f45cb106175cfb4ff5f150c2a6f88cc3f9faacb1ee8657faf4cc3c6c8353ea5c"
